
Microsoft Visual Studio Solution File, Format Version 12.00
# Visual Studio Version 16
VisualStudioVersion = 16.0.30204.135
MinimumVisualStudioVersion = 10.0.40219.1
Project("{9A19103F-16F7-4668-BE54-9A1E7A4F7556}") = "Microservice.Demo", "Microservice.Demo\Microservice.Demo.csproj", "{B9C41312-8033-4503-B5CD-5D90BFEDBBE5}"
EndProject
Project("{9A19103F-16F7-4668-BE54-9A1E7A4F7556}") = "Microservices.Product", "Microservices.Product\Microservices.Product.csproj", "{297B8B0E-B184-447A-8728-0A2B026DEC97}"
EndProject
Project("{9A19103F-16F7-4668-BE54-9A1E7A4F7556}") = "Microservices.Product.Repository", "Microservices.Product.Repository\Microservices.Product.Repository.csproj", "{AF0E2789-8799-4BCC-93D9-852AB3B298AF}"
EndProject
Project("{9A19103F-16F7-4668-BE54-9A1E7A4F7556}") = "Microservices.Employee", "Microservices.Employee\Microservices.Employee.csproj", "{637C2B1F-6F3D-4F9D-9FE3-7F7058834EC3}"
EndProject
Project("{9A19103F-16F7-4668-BE54-9A1E7A4F7556}") = "Microservices.Employee.Repository", "Microservices.Employee.Repository\Microservices.Employee.Repository.csproj", "{090A94BD-6B37-4A61-AAD7-4557EB431F50}"
EndProject
Global
	GlobalSection(SolutionConfigurationPlatforms) = preSolution
		Debug|Any CPU = Debug|Any CPU
		Release|Any CPU = Release|Any CPU
	EndGlobalSection
	GlobalSection(ProjectConfigurationPlatforms) = postSolution
		{B9C41312-8033-4503-B5CD-5D90BFEDBBE5}.Debug|Any CPU.ActiveCfg = Debug|Any CPU
		{B9C41312-8033-4503-B5CD-5D90BFEDBBE5}.Debug|Any CPU.Build.0 = Debug|Any CPU
		{B9C41312-8033-4503-B5CD-5D90BFEDBBE5}.Release|Any CPU.ActiveCfg = Release|Any CPU
		{B9C41312-8033-4503-B5CD-5D90BFEDBBE5}.Release|Any CPU.Build.0 = Release|Any CPU
		{297B8B0E-B184-447A-8728-0A2B026DEC97}.Debug|Any CPU.ActiveCfg = Debug|Any CPU
		{297B8B0E-B184-447A-8728-0A2B026DEC97}.Debug|Any CPU.Build.0 = Debug|Any CPU
		{297B8B0E-B184-447A-8728-0A2B026DEC97}.Release|Any CPU.ActiveCfg = Release|Any CPU
		{297B8B0E-B184-447A-8728-0A2B026DEC97}.Release|Any CPU.Build.0 = Release|Any CPU
		{AF0E2789-8799-4BCC-93D9-852AB3B298AF}.Debug|Any CPU.ActiveCfg = Debug|Any CPU
		{AF0E2789-8799-4BCC-93D9-852AB3B298AF}.Debug|Any CPU.Build.0 = Debug|Any CPU
		{AF0E2789-8799-4BCC-93D9-852AB3B298AF}.Release|Any CPU.ActiveCfg = Release|Any CPU
		{AF0E2789-8799-4BCC-93D9-852AB3B298AF}.Release|Any CPU.Build.0 = Release|Any CPU
		{637C2B1F-6F3D-4F9D-9FE3-7F7058834EC3}.Debug|Any CPU.ActiveCfg = Debug|Any CPU
		{637C2B1F-6F3D-4F9D-9FE3-7F7058834EC3}.Debug|Any CPU.Build.0 = Debug|Any CPU
		{637C2B1F-6F3D-4F9D-9FE3-7F7058834EC3}.Release|Any CPU.ActiveCfg = Release|Any CPU
		{637C2B1F-6F3D-4F9D-9FE3-7F7058834EC3}.Release|Any CPU.Build.0 = Release|Any CPU
		{090A94BD-6B37-4A61-AAD7-4557EB431F50}.Debug|Any CPU.ActiveCfg = Debug|Any CPU
		{090A94BD-6B37-4A61-AAD7-4557EB431F50}.Debug|Any CPU.Build.0 = Debug|Any CPU
		{090A94BD-6B37-4A61-AAD7-4557EB431F50}.Release|Any CPU.ActiveCfg = Release|Any CPU
		{090A94BD-6B37-4A61-AAD7-4557EB431F50}.Release|Any CPU.Build.0 = Release|Any CPU
	EndGlobalSection
	GlobalSection(SolutionProperties) = preSolution
		HideSolutionNode = FALSE
	EndGlobalSection
	GlobalSection(ExtensibilityGlobals) = postSolution
		SolutionGuid = {64152B31-1E72-4F3C-85FA-0EECF2B426C3}
	EndGlobalSection
EndGlobal
